
Microsoft Visual Studio Solution File, Format Version 12.00
# Visual Studio Version 16
VisualStudioVersion = 16.0.31501.217
MinimumVisualStudioVersion = 10.0.40219.1
Project("{9A19103F-16F7-4668-BE54-9A1E7A4F7556}") = "WebApplication1_Rajor_booklist_2", "WebApplication1_Rajor_booklist_2\WebApplication1_Rajor_booklist_2.csproj", "{0013DF2E-B0FB-45F3-AA76-67EB69344482}"
EndProject
Global
	GlobalSection(SolutionConfigurationPlatforms) = preSolution
		Debug|Any CPU = Debug|Any CPU
		Release|Any CPU = Release|Any CPU
	EndGlobalSection
	GlobalSection(ProjectConfigurationPlatforms) = postSolution
		{0013DF2E-B0FB-45F3-AA76-67EB69344482}.Debug|Any CPU.ActiveCfg = Debug|Any CPU
		{0013DF2E-B0FB-45F3-AA76-67EB69344482}.Debug|Any CPU.Build.0 = Debug|Any CPU
		{0013DF2E-B0FB-45F3-AA76-67EB69344482}.Release|Any CPU.ActiveCfg = Release|Any CPU
		{0013DF2E-B0FB-45F3-AA76-67EB69344482}.Release|Any CPU.Build.0 = Release|Any CPU
	EndGlobalSection
	GlobalSection(SolutionProperties) = preSolution
		HideSolutionNode = FALSE
	EndGlobalSection
	GlobalSection(ExtensibilityGlobals) = postSolution
		SolutionGuid = {CED273DA-1089-429B-B568-6EE26452C118}
	EndGlobalSection
EndGlobal
